
Microsoft Visual Studio Solution File, Format Version 12.00
# Visual Studio Version 16
VisualStudioVersion = 16.0.30309.148
MinimumVisualStudioVersion = 10.0.40219.1
Project("{9A19103F-16F7-4668-BE54-9A1E7A4F7556}") = "uzsakovai", "uzsakovai.csproj", "{F5588566-2185-493C-B7B5-EC3BCDA2C483}"
EndProject
Project("{FAE04EC0-301F-11D3-BF4B-00C04F79EFBC}") = "uzsakovai.test", "..\uzsakovai.test\uzsakovai.test.csproj", "{EC6C4289-E4E4-4EFD-8A64-47A6C2E46FEB}"
EndProject
Global
	GlobalSection(SolutionConfigurationPlatforms) = preSolution
		Debug|Any CPU = Debug|Any CPU
		Release|Any CPU = Release|Any CPU
	EndGlobalSection
	GlobalSection(ProjectConfigurationPlatforms) = postSolution
		{F5588566-2185-493C-B7B5-EC3BCDA2C483}.Debug|Any CPU.ActiveCfg = Debug|Any CPU
		{F5588566-2185-493C-B7B5-EC3BCDA2C483}.Debug|Any CPU.Build.0 = Debug|Any CPU
		{F5588566-2185-493C-B7B5-EC3BCDA2C483}.Release|Any CPU.ActiveCfg = Release|Any CPU
		{F5588566-2185-493C-B7B5-EC3BCDA2C483}.Release|Any CPU.Build.0 = Release|Any CPU
		{EC6C4289-E4E4-4EFD-8A64-47A6C2E46FEB}.Debug|Any CPU.ActiveCfg = Debug|Any CPU
		{EC6C4289-E4E4-4EFD-8A64-47A6C2E46FEB}.Debug|Any CPU.Build.0 = Debug|Any CPU
		{EC6C4289-E4E4-4EFD-8A64-47A6C2E46FEB}.Release|Any CPU.ActiveCfg = Release|Any CPU
		{EC6C4289-E4E4-4EFD-8A64-47A6C2E46FEB}.Release|Any CPU.Build.0 = Release|Any CPU
	EndGlobalSection
	GlobalSection(SolutionProperties) = preSolution
		HideSolutionNode = FALSE
	EndGlobalSection
	GlobalSection(ExtensibilityGlobals) = postSolution
		SolutionGuid = {858D4240-60AF-4268-A464-179B214D0944}
	EndGlobalSection
EndGlobal
